
Microsoft Visual Studio Solution File, Format Version 12.00
# Visual Studio Version 16
VisualStudioVersion = 16.0.29728.190
MinimumVisualStudioVersion = 10.0.40219.1
Project("{FAE04EC0-301F-11D3-BF4B-00C04F79EFBC}") = "Hashcode2020CSharp", "Hashcode2020CSharp.csproj", "{23CB1130-B261-4AAF-914C-6AD528D887AF}"
EndProject
Global
	GlobalSection(SolutionConfigurationPlatforms) = preSolution
		Debug|Any CPU = Debug|Any CPU
		Release|Any CPU = Release|Any CPU
	EndGlobalSection
	GlobalSection(ProjectConfigurationPlatforms) = postSolution
		{23CB1130-B261-4AAF-914C-6AD528D887AF}.Debug|Any CPU.ActiveCfg = Debug|Any CPU
		{23CB1130-B261-4AAF-914C-6AD528D887AF}.Debug|Any CPU.Build.0 = Debug|Any CPU
		{23CB1130-B261-4AAF-914C-6AD528D887AF}.Release|Any CPU.ActiveCfg = Release|Any CPU
		{23CB1130-B261-4AAF-914C-6AD528D887AF}.Release|Any CPU.Build.0 = Release|Any CPU
	EndGlobalSection
	GlobalSection(SolutionProperties) = preSolution
		HideSolutionNode = FALSE
	EndGlobalSection
	GlobalSection(ExtensibilityGlobals) = postSolution
		SolutionGuid = {0E66092A-BBC0-4CB2-A1E6-F2AB51043153}
	EndGlobalSection
EndGlobal
